
Microsoft Visual Studio Solution File, Format Version 12.00
# Visual Studio Version 17
VisualStudioVersion = 17.0.31903.59
MinimumVisualStudioVersion = 10.0.40219.1
Project("{2150E333-8FDC-42A3-9474-1A3956D46DE8}") = "src", "src", "{827E0CD3-B72D-47B6-A68D-7590B98EB39B}"
EndProject
Project("{FAE04EC0-301F-11D3-BF4B-00C04F79EFBC}") = "TrPuzzle.Core", "src\TrPuzzle.Core\TrPuzzle.Core.csproj", "{809E2C2C-65C5-40B9-8928-538141ED386B}"
EndProject
Project("{FAE04EC0-301F-11D3-BF4B-00C04F79EFBC}") = "TrPuzzle.Engine", "src\TrPuzzle.Engine\TrPuzzle.Engine.csproj", "{6D2180CE-849A-420B-919B-1D70B43E745C}"
EndProject
Project("{FAE04EC0-301F-11D3-BF4B-00C04F79EFBC}") = "TrPuzzle.NativeBridge", "src\TrPuzzle.NativeBridge\TrPuzzle.NativeBridge.csproj", "{80E82C05-4B3E-49BD-AC14-9CA8D534E8DF}"
EndProject
Project("{FAE04EC0-301F-11D3-BF4B-00C04F79EFBC}") = "TrPuzzle.Service", "src\TrPuzzle.Service\TrPuzzle.Service.csproj", "{430862BA-DA34-4944-ADF5-5E773E1618BA}"
EndProject
Project("{FAE04EC0-301F-11D3-BF4B-00C04F79EFBC}") = "TrPuzzle.Coordinator", "src\TrPuzzle.Coordinator\TrPuzzle.Coordinator.csproj", "{4E3877B2-9801-40AC-BC66-F9842471285C}"
EndProject
Project("{2150E333-8FDC-42A3-9474-1A3956D46DE8}") = "tests", "tests", "{0AB3BF05-4346-4AA6-1389-037BE0695223}"
EndProject
Project("{FAE04EC0-301F-11D3-BF4B-00C04F79EFBC}") = "TrPuzzle.Core.Tests", "tests\TrPuzzle.Core.Tests\TrPuzzle.Core.Tests.csproj", "{450B1F8F-A758-486C-A9EF-116F48FECC0C}"
EndProject
Project("{FAE04EC0-301F-11D3-BF4B-00C04F79EFBC}") = "TrPuzzle.Engine.Tests", "tests\TrPuzzle.Engine.Tests\TrPuzzle.Engine.Tests.csproj", "{94C85FE7-92FC-4465-93F6-A6F21350B859}"
EndProject
Project("{FAE04EC0-301F-11D3-BF4B-00C04F79EFBC}") = "TrPuzzle.Integration.Tests", "tests\TrPuzzle.Integration.Tests\TrPuzzle.Integration.Tests.csproj", "{C1291ED4-3A9C-409D-BD6B-C5FD5BA4EB5F}"
EndProject
Global
	GlobalSection(SolutionConfigurationPlatforms) = preSolution
		Debug|Any CPU = Debug|Any CPU
		Debug|x64 = Debug|x64
		Debug|x86 = Debug|x86
		Release|Any CPU = Release|Any CPU
		Release|x64 = Release|x64
		Release|x86 = Release|x86
	EndGlobalSection
	GlobalSection(ProjectConfigurationPlatforms) = postSolution
		{809E2C2C-65C5-40B9-8928-538141ED386B}.Debug|Any CPU.ActiveCfg = Debug|Any CPU
		{809E2C2C-65C5-40B9-8928-538141ED386B}.Debug|Any CPU.Build.0 = Debug|Any CPU
		{809E2C2C-65C5-40B9-8928-538141ED386B}.Debug|x64.ActiveCfg = Debug|Any CPU
		{809E2C2C-65C5-40B9-8928-538141ED386B}.Debug|x64.Build.0 = Debug|Any CPU
		{809E2C2C-65C5-40B9-8928-538141ED386B}.Debug|x86.ActiveCfg = Debug|Any CPU
		{809E2C2C-65C5-40B9-8928-538141ED386B}.Debug|x86.Build.0 = Debug|Any CPU
		{809E2C2C-65C5-40B9-8928-538141ED386B}.Release|Any CPU.ActiveCfg = Release|Any CPU
		{809E2C2C-65C5-40B9-8928-538141ED386B}.Release|Any CPU.Build.0 = Release|Any CPU
		{809E2C2C-65C5-40B9-8928-538141ED386B}.Release|x64.ActiveCfg = Release|Any CPU
		{809E2C2C-65C5-40B9-8928-538141ED386B}.Release|x64.Build.0 = Release|Any CPU
		{809E2C2C-65C5-40B9-8928-538141ED386B}.Release|x86.ActiveCfg = Release|Any CPU
		{809E2C2C-65C5-40B9-8928-538141ED386B}.Release|x86.Build.0 = Release|Any CPU
		{6D2180CE-849A-420B-919B-1D70B43E745C}.Debug|Any CPU.ActiveCfg = Debug|Any CPU
		{6D2180CE-849A-420B-919B-1D70B43E745C}.Debug|Any CPU.Build.0 = Debug|Any CPU
		{6D2180CE-849A-420B-919B-1D70B43E745C}.Debug|x64.ActiveCfg = Debug|Any CPU
		{6D2180CE-849A-420B-919B-1D70B43E745C}.Debug|x64.Build.0 = Debug|Any CPU
		{6D2180CE-849A-420B-919B-1D70B43E745C}.Debug|x86.ActiveCfg = Debug|Any CPU
		{6D2180CE-849A-420B-919B-1D70B43E745C}.Debug|x86.Build.0 = Debug|Any CPU
		{6D2180CE-849A-420B-919B-1D70B43E745C}.Release|Any CPU.ActiveCfg = Release|Any CPU
		{6D2180CE-849A-420B-919B-1D70B43E745C}.Release|Any CPU.Build.0 = Release|Any CPU
		{6D2180CE-849A-420B-919B-1D70B43E745C}.Release|x64.ActiveCfg = Release|Any CPU
		{6D2180CE-849A-420B-919B-1D70B43E745C}.Release|x64.Build.0 = Release|Any CPU
		{6D2180CE-849A-420B-919B-1D70B43E745C}.Release|x86.ActiveCfg = Release|Any CPU
		{6D2180CE-849A-420B-919B-1D70B43E745C}.Release|x86.Build.0 = Release|Any CPU
		{80E82C05-4B3E-49BD-AC14-9CA8D534E8DF}.Debug|Any CPU.ActiveCfg = Debug|Any CPU
		{80E82C05-4B3E-49BD-AC14-9CA8D534E8DF}.Debug|Any CPU.Build.0 = Debug|Any CPU
		{80E82C05-4B3E-49BD-AC14-9CA8D534E8DF}.Debug|x64.ActiveCfg = Debug|Any CPU
		{80E82C05-4B3E-49BD-AC14-9CA8D534E8DF}.Debug|x64.Build.0 = Debug|Any CPU
		{80E82C05-4B3E-49BD-AC14-9CA8D534E8DF}.Debug|x86.ActiveCfg = Debug|Any CPU
		{80E82C05-4B3E-49BD-AC14-9CA8D534E8DF}.Debug|x86.Build.0 = Debug|Any CPU
		{80E82C05-4B3E-49BD-AC14-9CA8D534E8DF}.Release|Any CPU.ActiveCfg = Release|Any CPU
		{80E82C05-4B3E-49BD-AC14-9CA8D534E8DF}.Release|Any CPU.Build.0 = Release|Any CPU
		{80E82C05-4B3E-49BD-AC14-9CA8D534E8DF}.Release|x64.ActiveCfg = Release|Any CPU
		{80E82C05-4B3E-49BD-AC14-9CA8D534E8DF}.Release|x64.Build.0 = Release|Any CPU
		{80E82C05-4B3E-49BD-AC14-9CA8D534E8DF}.Release|x86.ActiveCfg = Release|Any CPU
		{80E82C05-4B3E-49BD-AC14-9CA8D534E8DF}.Release|x86.Build.0 = Release|Any CPU
		{430862BA-DA34-4944-ADF5-5E773E1618BA}.Debug|Any CPU.ActiveCfg = Debug|Any CPU
		{430862BA-DA34-4944-ADF5-5E773E1618BA}.Debug|Any CPU.Build.0 = Debug|Any CPU
		{430862BA-DA34-4944-ADF5-5E773E1618BA}.Debug|x64.ActiveCfg = Debug|Any CPU
		{430862BA-DA34-4944-ADF5-5E773E1618BA}.Debug|x64.Build.0 = Debug|Any CPU
		{430862BA-DA34-4944-ADF5-5E773E1618BA}.Debug|x86.ActiveCfg = Debug|Any CPU
		{430862BA-DA34-4944-ADF5-5E773E1618BA}.Debug|x86.Build.0 = Debug|Any CPU
		{430862BA-DA34-4944-ADF5-5E773E1618BA}.Release|Any CPU.ActiveCfg = Release|Any CPU
		{430862BA-DA34-4944-ADF5-5E773E1618BA}.Release|Any CPU.Build.0 = Release|Any CPU
		{430862BA-DA34-4944-ADF5-5E773E1618BA}.Release|x64.ActiveCfg = Release|Any CPU
		{430862BA-DA34-4944-ADF5-5E773E1618BA}.Release|x64.Build.0 = Release|Any CPU
		{430862BA-DA34-4944-ADF5-5E773E1618BA}.Release|x86.ActiveCfg = Release|Any CPU
		{430862BA-DA34-4944-ADF5-5E773E1618BA}.Release|x86.Build.0 = Release|Any CPU
		{4E3877B2-9801-40AC-BC66-F9842471285C}.Debug|Any CPU.ActiveCfg = Debug|Any CPU
		{4E3877B2-9801-40AC-BC66-F9842471285C}.Debug|Any CPU.Build.0 = Debug|Any CPU
		{4E3877B2-9801-40AC-BC66-F9842471285C}.Debug|x64.ActiveCfg = Debug|Any CPU
		{4E3877B2-9801-40AC-BC66-F9842471285C}.Debug|x64.Build.0 = Debug|Any CPU
		{4E3877B2-9801-40AC-BC66-F9842471285C}.Debug|x86.ActiveCfg = Debug|Any CPU
		{4E3877B2-9801-40AC-BC66-F9842471285C}.Debug|x86.Build.0 = Debug|Any CPU
		{4E3877B2-9801-40AC-BC66-F9842471285C}.Release|Any CPU.ActiveCfg = Release|Any CPU
		{4E3877B2-9801-40AC-BC66-F9842471285C}.Release|Any CPU.Build.0 = Release|Any CPU
		{4E3877B2-9801-40AC-BC66-F9842471285C}.Release|x64.ActiveCfg = Release|Any CPU
		{4E3877B2-9801-40AC-BC66-F9842471285C}.Release|x64.Build.0 = Release|Any CPU
		{4E3877B2-9801-40AC-BC66-F9842471285C}.Release|x86.ActiveCfg = Release|Any CPU
		{4E3877B2-9801-40AC-BC66-F9842471285C}.Release|x86.Build.0 = Release|Any CPU
		{450B1F8F-A758-486C-A9EF-116F48FECC0C}.Debug|Any CPU.ActiveCfg = Debug|Any CPU
		{450B1F8F-A758-486C-A9EF-116F48FECC0C}.Debug|Any CPU.Build.0 = Debug|Any CPU
		{450B1F8F-A758-486C-A9EF-116F48FECC0C}.Debug|x64.ActiveCfg = Debug|Any CPU
		{450B1F8F-A758-486C-A9EF-116F48FECC0C}.Debug|x64.Build.0 = Debug|Any CPU
		{450B1F8F-A758-486C-A9EF-116F48FECC0C}.Debug|x86.ActiveCfg = Debug|Any CPU
		{450B1F8F-A758-486C-A9EF-116F48FECC0C}.Debug|x86.Build.0 = Debug|Any CPU
		{450B1F8F-A758-486C-A9EF-116F48FECC0C}.Release|Any CPU.ActiveCfg = Release|Any CPU
		{450B1F8F-A758-486C-A9EF-116F48FECC0C}.Release|Any CPU.Build.0 = Release|Any CPU
		{450B1F8F-A758-486C-A9EF-116F48FECC0C}.Release|x64.ActiveCfg = Release|Any CPU
		{450B1F8F-A758-486C-A9EF-116F48FECC0C}.Release|x64.Build.0 = Release|Any CPU
		{450B1F8F-A758-486C-A9EF-116F48FECC0C}.Release|x86.ActiveCfg = Release|Any CPU
		{450B1F8F-A758-486C-A9EF-116F48FECC0C}.Release|x86.Build.0 = Release|Any CPU
		{94C85FE7-92FC-4465-93F6-A6F21350B859}.Debug|Any CPU.ActiveCfg = Debug|Any CPU
		{94C85FE7-92FC-4465-93F6-A6F21350B859}.Debug|Any CPU.Build.0 = Debug|Any CPU
		{94C85FE7-92FC-4465-93F6-A6F21350B859}.Debug|x64.ActiveCfg = Debug|Any CPU
		{94C85FE7-92FC-4465-93F6-A6F21350B859}.Debug|x64.Build.0 = Debug|Any CPU
		{94C85FE7-92FC-4465-93F6-A6F21350B859}.Debug|x86.ActiveCfg = Debug|Any CPU
		{94C85FE7-92FC-4465-93F6-A6F21350B859}.Debug|x86.Build.0 = Debug|Any CPU
		{94C85FE7-92FC-4465-93F6-A6F21350B859}.Release|Any CPU.ActiveCfg = Release|Any CPU
		{94C85FE7-92FC-4465-93F6-A6F21350B859}.Release|Any CPU.Build.0 = Release|Any CPU
		{94C85FE7-92FC-4465-93F6-A6F21350B859}.Release|x64.ActiveCfg = Release|Any CPU
		{94C85FE7-92FC-4465-93F6-A6F21350B859}.Release|x64.Build.0 = Release|Any CPU
		{94C85FE7-92FC-4465-93F6-A6F21350B859}.Release|x86.ActiveCfg = Release|Any CPU
		{94C85FE7-92FC-4465-93F6-A6F21350B859}.Release|x86.Build.0 = Release|Any CPU
		{C1291ED4-3A9C-409D-BD6B-C5FD5BA4EB5F}.Debug|Any CPU.ActiveCfg = Debug|Any CPU
		{C1291ED4-3A9C-409D-BD6B-C5FD5BA4EB5F}.Debug|Any CPU.Build.0 = Debug|Any CPU
		{C1291ED4-3A9C-409D-BD6B-C5FD5BA4EB5F}.Debug|x64.ActiveCfg = Debug|Any CPU
		{C1291ED4-3A9C-409D-BD6B-C5FD5BA4EB5F}.Debug|x64.Build.0 = Debug|Any CPU
		{C1291ED4-3A9C-409D-BD6B-C5FD5BA4EB5F}.Debug|x86.ActiveCfg = Debug|Any CPU
		{C1291ED4-3A9C-409D-BD6B-C5FD5BA4EB5F}.Debug|x86.Build.0 = Debug|Any CPU
		{C1291ED4-3A9C-409D-BD6B-C5FD5BA4EB5F}.Release|Any CPU.ActiveCfg = Release|Any CPU
		{C1291ED4-3A9C-409D-BD6B-C5FD5BA4EB5F}.Release|Any CPU.Build.0 = Release|Any CPU
		{C1291ED4-3A9C-409D-BD6B-C5FD5BA4EB5F}.Release|x64.ActiveCfg = Release|Any CPU
		{C1291ED4-3A9C-409D-BD6B-C5FD5BA4EB5F}.Release|x64.Build.0 = Release|Any CPU
		{C1291ED4-3A9C-409D-BD6B-C5FD5BA4EB5F}.Release|x86.ActiveCfg = Release|Any CPU
		{C1291ED4-3A9C-409D-BD6B-C5FD5BA4EB5F}.Release|x86.Build.0 = Release|Any CPU
	EndGlobalSection
	GlobalSection(SolutionProperties) = preSolution
		HideSolutionNode = FALSE
	EndGlobalSection
	GlobalSection(NestedProjects) = preSolution
		{809E2C2C-65C5-40B9-8928-538141ED386B} = {827E0CD3-B72D-47B6-A68D-7590B98EB39B}
		{6D2180CE-849A-420B-919B-1D70B43E745C} = {827E0CD3-B72D-47B6-A68D-7590B98EB39B}
		{80E82C05-4B3E-49BD-AC14-9CA8D534E8DF} = {827E0CD3-B72D-47B6-A68D-7590B98EB39B}
		{430862BA-DA34-4944-ADF5-5E773E1618BA} = {827E0CD3-B72D-47B6-A68D-7590B98EB39B}
		{4E3877B2-9801-40AC-BC66-F9842471285C} = {827E0CD3-B72D-47B6-A68D-7590B98EB39B}
		{450B1F8F-A758-486C-A9EF-116F48FECC0C} = {0AB3BF05-4346-4AA6-1389-037BE0695223}
		{94C85FE7-92FC-4465-93F6-A6F21350B859} = {0AB3BF05-4346-4AA6-1389-037BE0695223}
		{C1291ED4-3A9C-409D-BD6B-C5FD5BA4EB5F} = {0AB3BF05-4346-4AA6-1389-037BE0695223}
	EndGlobalSection
EndGlobal
